
Microsoft Visual Studio Solution File, Format Version 12.00
# Visual Studio Version 17
VisualStudioVersion = 17.5.33516.290
MinimumVisualStudioVersion = 10.0.40219.1
Project("{9A19103F-16F7-4668-BE54-9A1E7A4F7556}") = "CourseProject.API", "CourseProject.API\CourseProject.API.csproj", "{51FBED9F-CB50-4C15-A3EB-2BC293168428}"
EndProject
Project("{FAE04EC0-301F-11D3-BF4B-00C04F79EFBC}") = "CourseProject.Business", "CourseProject.Business\CourseProject.Business.csproj", "{2EFE1375-A3AA-4B49-91F8-61335271CF36}"
EndProject
Project("{FAE04EC0-301F-11D3-BF4B-00C04F79EFBC}") = "CourseProject.Common", "CourseProject.Common\CourseProject.Common.csproj", "{55EAD782-DF8D-461D-96EA-C26513A6CDE4}"
EndProject
Project("{FAE04EC0-301F-11D3-BF4B-00C04F79EFBC}") = "CourseProject.Infrastructure", "CourseProject.Infrastructure\CourseProject.Infrastructure.csproj", "{E2D52541-EFB8-4A41-A431-7FAA27B74600}"
EndProject
Global
	GlobalSection(SolutionConfigurationPlatforms) = preSolution
		Debug|Any CPU = Debug|Any CPU
		Release|Any CPU = Release|Any CPU
	EndGlobalSection
	GlobalSection(ProjectConfigurationPlatforms) = postSolution
		{51FBED9F-CB50-4C15-A3EB-2BC293168428}.Debug|Any CPU.ActiveCfg = Debug|Any CPU
		{51FBED9F-CB50-4C15-A3EB-2BC293168428}.Debug|Any CPU.Build.0 = Debug|Any CPU
		{51FBED9F-CB50-4C15-A3EB-2BC293168428}.Release|Any CPU.ActiveCfg = Release|Any CPU
		{51FBED9F-CB50-4C15-A3EB-2BC293168428}.Release|Any CPU.Build.0 = Release|Any CPU
		{2EFE1375-A3AA-4B49-91F8-61335271CF36}.Debug|Any CPU.ActiveCfg = Debug|Any CPU
		{2EFE1375-A3AA-4B49-91F8-61335271CF36}.Debug|Any CPU.Build.0 = Debug|Any CPU
		{2EFE1375-A3AA-4B49-91F8-61335271CF36}.Release|Any CPU.ActiveCfg = Release|Any CPU
		{2EFE1375-A3AA-4B49-91F8-61335271CF36}.Release|Any CPU.Build.0 = Release|Any CPU
		{55EAD782-DF8D-461D-96EA-C26513A6CDE4}.Debug|Any CPU.ActiveCfg = Debug|Any CPU
		{55EAD782-DF8D-461D-96EA-C26513A6CDE4}.Debug|Any CPU.Build.0 = Debug|Any CPU
		{55EAD782-DF8D-461D-96EA-C26513A6CDE4}.Release|Any CPU.ActiveCfg = Release|Any CPU
		{55EAD782-DF8D-461D-96EA-C26513A6CDE4}.Release|Any CPU.Build.0 = Release|Any CPU
		{E2D52541-EFB8-4A41-A431-7FAA27B74600}.Debug|Any CPU.ActiveCfg = Debug|Any CPU
		{E2D52541-EFB8-4A41-A431-7FAA27B74600}.Debug|Any CPU.Build.0 = Debug|Any CPU
		{E2D52541-EFB8-4A41-A431-7FAA27B74600}.Release|Any CPU.ActiveCfg = Release|Any CPU
		{E2D52541-EFB8-4A41-A431-7FAA27B74600}.Release|Any CPU.Build.0 = Release|Any CPU
	EndGlobalSection
	GlobalSection(SolutionProperties) = preSolution
		HideSolutionNode = FALSE
	EndGlobalSection
	GlobalSection(ExtensibilityGlobals) = postSolution
		SolutionGuid = {D5301094-C58A-4D42-9925-ECEB464EB4EC}
	EndGlobalSection
EndGlobal
